
Microsoft Visual Studio Solution File, Format Version 12.00
# Visual Studio Version 17
VisualStudioVersion = 17.9.34723.18
MinimumVisualStudioVersion = 10.0.40219.1
Project("{8BC9CEB8-8B4A-11D0-8D11-00A0C91BC942}") = "BOJ_31611", "BOJ_31611.vcxproj", "{B3A82432-BCF5-4626-9CA0-9857E8E7E224}"
EndProject
Global
	GlobalSection(SolutionConfigurationPlatforms) = preSolution
		Debug|x64 = Debug|x64
		Release|x64 = Release|x64
	EndGlobalSection
	GlobalSection(ProjectConfigurationPlatforms) = postSolution
		{B3A82432-BCF5-4626-9CA0-9857E8E7E224}.Debug|x64.ActiveCfg = Debug|x64
		{B3A82432-BCF5-4626-9CA0-9857E8E7E224}.Debug|x64.Build.0 = Debug|x64
		{B3A82432-BCF5-4626-9CA0-9857E8E7E224}.Release|x64.ActiveCfg = Release|x64
		{B3A82432-BCF5-4626-9CA0-9857E8E7E224}.Release|x64.Build.0 = Release|x64
	EndGlobalSection
	GlobalSection(SolutionProperties) = preSolution
		HideSolutionNode = FALSE
	EndGlobalSection
	GlobalSection(ExtensibilityGlobals) = postSolution
		SolutionGuid = {2936E8D6-F67A-4A9A-A13A-73AE63DC09EA}
	EndGlobalSection
EndGlobal
